<?xml version="1.0" encoding="utf-8"?>
<Project ToolsVersion="4.0" xmlns="http://schemas.microsoft.com/developer/msbuild/2003">
  <ItemGroup>
    <ClCompile Include="Source\Core\game.cpp" />
    <ClCompile Include="Source\Core\gameDoc.cpp" />
    <ClCompile Include="Source\Core\gameView.cpp" />
    <ClCompile Include="Source\Core\MainFrm.cpp" />
    <ClCompile Include="Source\Core\StdAfx.cpp" />
    <ClCompile Include="Source\Game\ChoiceMenu.cpp" />
    <ClCompile Include="Source\Game\Dialog.cpp" />
    <ClCompile Include="Source\Game\GameMap.cpp" />
    <ClCompile Include="Source\Game\Entity.cpp" />
    <ClCompile Include="Source\Game\Event.cpp" />
    <ClCompile Include="Source\Game\Human.cpp" />
    <ClCompile Include="Source\Game\InputBox.cpp" />
    <ClCompile Include="Source\Game\Item.cpp" />
    <ClCompile Include="Source\Game\MapNode.cpp" />
    <ClCompile Include="Source\Game\MapRes.cpp" />
    <ClCompile Include="Source\Game\MapRouter.cpp" />
    <ClCompile Include="Source\Game\mygame_initialize.cpp" />
    <ClCompile Include="Source\Game\mygame_over.cpp" />
    <ClCompile Include="Source\Game\mygame_run.cpp" />
    <ClCompile Include="Source\Game\Oni.cpp" />
    <ClCompile Include="Source\Library\audio.cpp" />
    <ClCompile Include="Source\Library\gamecore.cpp" />
    <ClCompile Include="Source\Library\gameutil.cpp" />
    <ClCompile Include="Source\Game\MapData.cpp" />
  </ItemGroup>
  <ItemGroup>
    <ClInclude Include="Source\Core\Game.h" />
    <ClInclude Include="Source\Core\gameDoc.h" />
    <ClInclude Include="Source\Core\gameView.h" />
    <ClInclude Include="Source\Core\MainFrm.h" />
    <ClInclude Include="Source\Core\Resource.h" />
    <ClInclude Include="Source\Core\StdAfx.h" />
    <ClInclude Include="Source\Game\ChoiceMenu.h" />
    <ClInclude Include="Source\Game\Dialog.h" />
    <ClInclude Include="Source\Game\GameMap.h" />
    <ClInclude Include="Source\Game\config.h" />
    <ClInclude Include="Source\Game\Entity.h" />
    <ClInclude Include="Source\Game\Event.h" />
    <ClInclude Include="Source\Game\Human.h" />
    <ClInclude Include="Source\Game\InputBox.h" />
    <ClInclude Include="Source\Game\Item.h" />
    <ClInclude Include="Source\Game\MapNode.h" />
    <ClInclude Include="Source\Game\MapRes.h" />
    <ClInclude Include="Source\Game\MapRouter.h" />
    <ClInclude Include="Source\Game\mygame.h" />
    <ClInclude Include="Source\Game\Oni.h" />
    <ClInclude Include="Source\Library\audio.h" />
    <ClInclude Include="Source\Library\gamecore.h" />
    <ClInclude Include="Source\Library\gameutil.h" />
    <ClInclude Include="Source\Game\MapData.h" />
  </ItemGroup>
  <ItemGroup>
    <ResourceCompile Include="Source\Core\game.rc" />
  </ItemGroup>
  <ItemGroup>
    <None Include="RES\GAME.RC2" />
  </ItemGroup>
</Project>