<?xml version="1.0" encoding="utf-8"?>
<Project ToolsVersion="4.0" xmlns="http://schemas.microsoft.com/developer/msbuild/2003">
  <ItemGroup>
    <ClCompile Include="Source\Game\ChoiceMenu.cpp">
      <Filter>Game</Filter>
    </ClCompile>
    <ClCompile Include="Source\Game\Dialog.cpp">
      <Filter>Game</Filter>
    </ClCompile>
    <ClCompile Include="Source\Game\Event.cpp">
      <Filter>Game</Filter>
    </ClCompile>
    <ClCompile Include="Source\Game\InputBox.cpp">
      <Filter>Game</Filter>
    </ClCompile>
    <ClCompile Include="Source\Library\gameutil.cpp">
      <Filter>Library</Filter>
    </ClCompile>
    <ClCompile Include="Source\Library\audio.cpp">
      <Filter>Library</Filter>
    </ClCompile>
    <ClCompile Include="Source\Library\gamecore.cpp">
      <Filter>Core</Filter>
    </ClCompile>
    <ClCompile Include="Source\Core\gameDoc.cpp">
      <Filter>Core</Filter>
    </ClCompile>
    <ClCompile Include="Source\Core\gameView.cpp">
      <Filter>Core</Filter>
    </ClCompile>
    <ClCompile Include="Source\Core\MainFrm.cpp">
      <Filter>Core</Filter>
    </ClCompile>
    <ClCompile Include="Source\Core\StdAfx.cpp">
      <Filter>Core</Filter>
    </ClCompile>
    <ClCompile Include="Source\Core\game.cpp">
      <Filter>Core</Filter>
    </ClCompile>
    <ClCompile Include="Source\Game\MapRes.cpp">
      <Filter>Maps</Filter>
    </ClCompile>
    <ClCompile Include="Source\Game\MapRouter.cpp">
      <Filter>Maps</Filter>
    </ClCompile>
    <ClCompile Include="Source\Game\GameMap.cpp">
      <Filter>Maps</Filter>
    </ClCompile>
    <ClCompile Include="Source\Game\MapData.cpp">
      <Filter>Maps</Filter>
    </ClCompile>
    <ClCompile Include="Source\Game\MapNode.cpp">
      <Filter>Maps</Filter>
    </ClCompile>
    <ClCompile Include="Source\Game\mygame_run.cpp">
      <Filter>MyGame</Filter>
    </ClCompile>
    <ClCompile Include="Source\Game\mygame_over.cpp">
      <Filter>MyGame</Filter>
    </ClCompile>
    <ClCompile Include="Source\Game\mygame_initialize.cpp">
      <Filter>MyGame</Filter>
    </ClCompile>
    <ClCompile Include="Source\Game\ObjMove.cpp">
      <Filter>Entity</Filter>
    </ClCompile>
    <ClCompile Include="Source\Game\Oni.cpp">
      <Filter>Entity</Filter>
    </ClCompile>
    <ClCompile Include="Source\Game\Item.cpp">
      <Filter>Entity</Filter>
    </ClCompile>
    <ClCompile Include="Source\Game\MainHuman.cpp">
      <Filter>Entity</Filter>
    </ClCompile>
    <ClCompile Include="Source\Game\Human.cpp">
      <Filter>Entity</Filter>
    </ClCompile>
    <ClCompile Include="Source\Game\Entity.cpp">
      <Filter>Entity</Filter>
    </ClCompile>
    <ClCompile Include="Source\Game\Password.cpp">
      <Filter>Game</Filter>
    </ClCompile>
    <ClCompile Include="Source\Game\Interface.cpp">
      <Filter>Game</Filter>
    </ClCompile>
  </ItemGroup>
  <ItemGroup>
    <ClInclude Include="Source\Game\ChoiceMenu.h">
      <Filter>Game</Filter>
    </ClInclude>
    <ClInclude Include="Source\Game\Dialog.h">
      <Filter>Game</Filter>
    </ClInclude>
    <ClInclude Include="Source\Game\Event.h">
      <Filter>Game</Filter>
    </ClInclude>
    <ClInclude Include="Source\Game\InputBox.h">
      <Filter>Game</Filter>
    </ClInclude>
    <ClInclude Include="Source\Library\gameutil.h">
      <Filter>Library</Filter>
    </ClInclude>
    <ClInclude Include="Source\Library\audio.h">
      <Filter>Library</Filter>
    </ClInclude>
    <ClInclude Include="Source\Library\gamecore.h">
      <Filter>Core</Filter>
    </ClInclude>
    <ClInclude Include="Source\Core\gameDoc.h">
      <Filter>Core</Filter>
    </ClInclude>
    <ClInclude Include="Source\Core\gameView.h">
      <Filter>Core</Filter>
    </ClInclude>
    <ClInclude Include="Source\Core\MainFrm.h">
      <Filter>Core</Filter>
    </ClInclude>
    <ClInclude Include="Source\Core\StdAfx.h">
      <Filter>Core</Filter>
    </ClInclude>
    <ClInclude Include="Source\Core\Game.h">
      <Filter>Core</Filter>
    </ClInclude>
    <ClInclude Include="Source\Core\Resource.h">
      <Filter>Resource</Filter>
    </ClInclude>
    <ClInclude Include="Source\Game\MapRes.h">
      <Filter>Maps</Filter>
    </ClInclude>
    <ClInclude Include="Source\Game\MapRouter.h">
      <Filter>Maps</Filter>
    </ClInclude>
    <ClInclude Include="Source\Game\GameMap.h">
      <Filter>Maps</Filter>
    </ClInclude>
    <ClInclude Include="Source\Game\MapData.h">
      <Filter>Maps</Filter>
    </ClInclude>
    <ClInclude Include="Source\Game\MapNode.h">
      <Filter>Maps</Filter>
    </ClInclude>
    <ClInclude Include="Source\Game\mygame.h">
      <Filter>MyGame</Filter>
    </ClInclude>
    <ClInclude Include="Source\Game\config.h">
      <Filter>MyGame</Filter>
    </ClInclude>
    <ClInclude Include="Source\Game\ObjMove.h">
      <Filter>Entity</Filter>
    </ClInclude>
    <ClInclude Include="Source\Game\MainHuman.h">
      <Filter>Entity</Filter>
    </ClInclude>
    <ClInclude Include="Source\Game\Item.h">
      <Filter>Entity</Filter>
    </ClInclude>
    <ClInclude Include="Source\Game\Oni.h">
      <Filter>Entity</Filter>
    </ClInclude>
    <ClInclude Include="Source\Game\Human.h">
      <Filter>Entity</Filter>
    </ClInclude>
    <ClInclude Include="Source\Game\Entity.h">
      <Filter>Entity</Filter>
    </ClInclude>
    <ClInclude Include="Source\Game\Password.h">
      <Filter>Game</Filter>
    </ClInclude>
    <ClInclude Include="Source\Game\Interface.h">
      <Filter>Game</Filter>
    </ClInclude>
  </ItemGroup>
  <ItemGroup>
    <Filter Include="Game">
      <UniqueIdentifier>{d1e3b44a-d3b8-42b8-8e0f-ff98fd685761}</UniqueIdentifier>
    </Filter>
    <Filter Include="Library">
      <UniqueIdentifier>{a127bfc0-b7ac-4d06-914d-44d42baed8ed}</UniqueIdentifier>
    </Filter>
    <Filter Include="Core">
      <UniqueIdentifier>{2b21ff0f-8517-4545-bc21-f7ae135191b8}</UniqueIdentifier>
    </Filter>
    <Filter Include="Resource">
      <UniqueIdentifier>{eb737028-7d76-4647-ba74-3b9bcb5c622d}</UniqueIdentifier>
    </Filter>
    <Filter Include="Maps">
      <UniqueIdentifier>{604bedc7-c4c1-40c2-8253-98b303139cc3}</UniqueIdentifier>
    </Filter>
    <Filter Include="MyGame">
      <UniqueIdentifier>{7574a661-d3d1-4dd8-9b49-b9ae5ad9f973}</UniqueIdentifier>
    </Filter>
    <Filter Include="Entity">
      <UniqueIdentifier>{80e1c513-59e4-4264-b00c-cd435332f684}</UniqueIdentifier>
    </Filter>
  </ItemGroup>
  <ItemGroup>
    <ResourceCompile Include="Source\Core\game.rc">
      <Filter>Resource</Filter>
    </ResourceCompile>
  </ItemGroup>
  <ItemGroup>
    <None Include="RES\GAME.RC2">
      <Filter>Resource</Filter>
    </None>
    <None Include="cpp.hint" />
  </ItemGroup>
</Project>